
Microsoft Visual Studio Solution File, Format Version 12.00
# Visual Studio Version 17
VisualStudioVersion = 17.0.31903.59
MinimumVisualStudioVersion = 10.0.40219.1
Project("{FAE04EC0-301F-11D3-BF4B-00C04F79EFBC}") = "Flink.JobBuilder", "Flink.JobBuilder\Flink.JobBuilder.csproj", "{F4A5B6C7-D8E9-0F1A-2B3C-4D5E6F7A8B9C}"
EndProject
Project("{2150E333-8FDC-42A3-9474-1A3956D46DE8}") = "Solution Items", "Solution Items", "{8EC462FD-D22E-90A8-E5CE-7E832BA40C5D}"
	ProjectSection(SolutionItems) = preProject
		..\Directory.Build.props = ..\Directory.Build.props
	EndProjectSection
EndProject
Project("{FAE04EC0-301F-11D3-BF4B-00C04F79EFBC}") = "Flink.JobGateway", "Flink.JobGateway\Flink.JobGateway.csproj", "{232A02B1-5F2E-40B4-8A9D-D9F22F91262A}"
EndProject
Global
	GlobalSection(SolutionConfigurationPlatforms) = preSolution
		Debug|Any CPU = Debug|Any CPU
		Debug|x64 = Debug|x64
		Debug|x86 = Debug|x86
		Release|Any CPU = Release|Any CPU
		Release|x64 = Release|x64
		Release|x86 = Release|x86
	EndGlobalSection
	GlobalSection(ProjectConfigurationPlatforms) = postSolution
		{F4A5B6C7-D8E9-0F1A-2B3C-4D5E6F7A8B9C}.Debug|Any CPU.ActiveCfg = Debug|Any CPU
		{F4A5B6C7-D8E9-0F1A-2B3C-4D5E6F7A8B9C}.Debug|Any CPU.Build.0 = Debug|Any CPU
		{F4A5B6C7-D8E9-0F1A-2B3C-4D5E6F7A8B9C}.Debug|x64.ActiveCfg = Debug|Any CPU
		{F4A5B6C7-D8E9-0F1A-2B3C-4D5E6F7A8B9C}.Debug|x64.Build.0 = Debug|Any CPU
		{F4A5B6C7-D8E9-0F1A-2B3C-4D5E6F7A8B9C}.Debug|x86.ActiveCfg = Debug|Any CPU
		{F4A5B6C7-D8E9-0F1A-2B3C-4D5E6F7A8B9C}.Debug|x86.Build.0 = Debug|Any CPU
		{F4A5B6C7-D8E9-0F1A-2B3C-4D5E6F7A8B9C}.Release|Any CPU.ActiveCfg = Release|Any CPU
		{F4A5B6C7-D8E9-0F1A-2B3C-4D5E6F7A8B9C}.Release|Any CPU.Build.0 = Release|Any CPU
		{F4A5B6C7-D8E9-0F1A-2B3C-4D5E6F7A8B9C}.Release|x64.ActiveCfg = Release|Any CPU
		{F4A5B6C7-D8E9-0F1A-2B3C-4D5E6F7A8B9C}.Release|x64.Build.0 = Release|Any CPU
		{F4A5B6C7-D8E9-0F1A-2B3C-4D5E6F7A8B9C}.Release|x86.ActiveCfg = Release|Any CPU
		{F4A5B6C7-D8E9-0F1A-2B3C-4D5E6F7A8B9C}.Release|x86.Build.0 = Release|Any CPU
		{232A02B1-5F2E-40B4-8A9D-D9F22F91262A}.Debug|Any CPU.ActiveCfg = Debug|Any CPU
		{232A02B1-5F2E-40B4-8A9D-D9F22F91262A}.Debug|Any CPU.Build.0 = Debug|Any CPU
		{232A02B1-5F2E-40B4-8A9D-D9F22F91262A}.Debug|x64.ActiveCfg = Debug|Any CPU
		{232A02B1-5F2E-40B4-8A9D-D9F22F91262A}.Debug|x64.Build.0 = Debug|Any CPU
		{232A02B1-5F2E-40B4-8A9D-D9F22F91262A}.Debug|x86.ActiveCfg = Debug|Any CPU
		{232A02B1-5F2E-40B4-8A9D-D9F22F91262A}.Debug|x86.Build.0 = Debug|Any CPU
		{232A02B1-5F2E-40B4-8A9D-D9F22F91262A}.Release|Any CPU.ActiveCfg = Release|Any CPU
		{232A02B1-5F2E-40B4-8A9D-D9F22F91262A}.Release|Any CPU.Build.0 = Release|Any CPU
		{232A02B1-5F2E-40B4-8A9D-D9F22F91262A}.Release|x64.ActiveCfg = Release|Any CPU
		{232A02B1-5F2E-40B4-8A9D-D9F22F91262A}.Release|x64.Build.0 = Release|Any CPU
		{232A02B1-5F2E-40B4-8A9D-D9F22F91262A}.Release|x86.ActiveCfg = Release|Any CPU
		{232A02B1-5F2E-40B4-8A9D-D9F22F91262A}.Release|x86.Build.0 = Release|Any CPU
	EndGlobalSection
	GlobalSection(SolutionProperties) = preSolution
		HideSolutionNode = FALSE
	EndGlobalSection
	GlobalSection(ExtensibilityGlobals) = postSolution
		SolutionGuid = {CE761B07-3CD4-425E-8043-21F09B16941A}
	EndGlobalSection
EndGlobal
