
Microsoft Visual Studio Solution File, Format Version 12.00
# Visual Studio Version 17
VisualStudioVersion = 17.0.31903.59
MinimumVisualStudioVersion = 10.0.40219.1
Project("{FAE04EC0-301F-11D3-BF4B-00C04F79EFBC}") = "Flink.JobBuilder", "Flink.JobBuilder\Flink.JobBuilder.csproj", "{F4A5B6C7-D8E9-0F1A-2B3C-4D5E6F7A8B9C}"
EndProject
Project("{2150E333-8FDC-42A3-9474-1A3956D46DE8}") = "Solution Items", "Solution Items", "{8EC462FD-D22E-90A8-E5CE-7E832BA40C5D}"
	ProjectSection(SolutionItems) = preProject
		..\Directory.Build.props = ..\Directory.Build.props
	EndProjectSection
EndProject
Project("{FAE04EC0-301F-11D3-BF4B-00C04F79EFBC}") = "FlinkDotNet.JobGateway", "FlinkDotNet.JobGateway\FlinkDotNet.JobGateway.csproj", "{232A02B1-5F2E-40B4-8A9D-D9F22F91262A}"
EndProject
Project("{FAE04EC0-301F-11D3-BF4B-00C04F79EFBC}") = "FlinkDotNet.Common", "FlinkDotNet.Common\FlinkDotNet.Common.csproj", "{A1B2C3D4-E5F6-7A8B-9C0D-1E2F3A4B5C6D}"
EndProject
Project("{FAE04EC0-301F-11D3-BF4B-00C04F79EFBC}") = "FlinkDotNet.DataStream", "FlinkDotNet.DataStream\FlinkDotNet.DataStream.csproj", "{B2C3D4E5-F6A7-8B9C-0D1E-2F3A4B5C6D7E}"
EndProject
Project("{FAE04EC0-301F-11D3-BF4B-00C04F79EFBC}") = "Flink.JobBuilder.Tests", "Flink.JobBuilder.Tests\Flink.JobBuilder.Tests.csproj", "{11111111-2222-3333-4444-555555555555}"
EndProject
Project("{FAE04EC0-301F-11D3-BF4B-00C04F79EFBC}") = "FlinkDotNet.JobGateway.Tests", "FlinkDotNet.JobGateway.Tests\FlinkDotNet.JobGateway.Tests.csproj", "{A5F8A6B6-3BB1-4EDE-BC4A-3FC1C80E5074}"
EndProject
Project("{FAE04EC0-301F-11D3-BF4B-00C04F79EFBC}") = "FlinkDotNet.Common.Tests", "FlinkDotNet.Common.Tests\FlinkDotNet.Common.Tests.csproj", "{05866196-5C54-4FD9-91F2-0575DAB42A83}"
EndProject
Project("{FAE04EC0-301F-11D3-BF4B-00C04F79EFBC}") = "FlinkDotNet.DataStream.Tests", "FlinkDotNet.DataStream.Tests\FlinkDotNet.DataStream.Tests.csproj", "{22B14D34-E2A4-436C-BEF6-2824390B24A4}"
EndProject
Project("{FAE04EC0-301F-11D3-BF4B-00C04F79EFBC}") = "FlinkDotNet.JobManager", "FlinkDotNet.JobManager\FlinkDotNet.JobManager.csproj", "{2A7A63AB-FB45-40AA-9063-8AB9E4F528DB}"
EndProject
Project("{FAE04EC0-301F-11D3-BF4B-00C04F79EFBC}") = "FlinkDotNet.TaskManager", "FlinkDotNet.TaskManager\FlinkDotNet.TaskManager.csproj", "{5B5F8346-2F9F-48E1-8342-16ED8A9AE902}"
EndProject
Project("{FAE04EC0-301F-11D3-BF4B-00C04F79EFBC}") = "FlinkDotNet.JobManager.Tests", "FlinkDotNet.JobManager.Tests\FlinkDotNet.JobManager.Tests.csproj", "{28EB24E9-F27B-44CB-9E5D-A71C60485F90}"
EndProject
Project("{FAE04EC0-301F-11D3-BF4B-00C04F79EFBC}") = "FlinkDotNet.TaskManager.Tests", "FlinkDotNet.TaskManager.Tests\FlinkDotNet.TaskManager.Tests.csproj", "{12724275-BC3E-4F95-BD8C-E1124AC42A8E}"
EndProject
Global
	GlobalSection(SolutionConfigurationPlatforms) = preSolution
		Debug|Any CPU = Debug|Any CPU
		Debug|x64 = Debug|x64
		Debug|x86 = Debug|x86
		Release|Any CPU = Release|Any CPU
		Release|x64 = Release|x64
		Release|x86 = Release|x86
	EndGlobalSection
	GlobalSection(ProjectConfigurationPlatforms) = postSolution
		{F4A5B6C7-D8E9-0F1A-2B3C-4D5E6F7A8B9C}.Debug|Any CPU.ActiveCfg = Debug|Any CPU
		{F4A5B6C7-D8E9-0F1A-2B3C-4D5E6F7A8B9C}.Debug|Any CPU.Build.0 = Debug|Any CPU
		{F4A5B6C7-D8E9-0F1A-2B3C-4D5E6F7A8B9C}.Debug|x64.ActiveCfg = Debug|Any CPU
		{F4A5B6C7-D8E9-0F1A-2B3C-4D5E6F7A8B9C}.Debug|x64.Build.0 = Debug|Any CPU
		{F4A5B6C7-D8E9-0F1A-2B3C-4D5E6F7A8B9C}.Debug|x86.ActiveCfg = Debug|Any CPU
		{F4A5B6C7-D8E9-0F1A-2B3C-4D5E6F7A8B9C}.Debug|x86.Build.0 = Debug|Any CPU
		{F4A5B6C7-D8E9-0F1A-2B3C-4D5E6F7A8B9C}.Release|Any CPU.ActiveCfg = Release|Any CPU
		{F4A5B6C7-D8E9-0F1A-2B3C-4D5E6F7A8B9C}.Release|Any CPU.Build.0 = Release|Any CPU
		{F4A5B6C7-D8E9-0F1A-2B3C-4D5E6F7A8B9C}.Release|x64.ActiveCfg = Release|Any CPU
		{F4A5B6C7-D8E9-0F1A-2B3C-4D5E6F7A8B9C}.Release|x64.Build.0 = Release|Any CPU
		{F4A5B6C7-D8E9-0F1A-2B3C-4D5E6F7A8B9C}.Release|x86.ActiveCfg = Release|Any CPU
		{F4A5B6C7-D8E9-0F1A-2B3C-4D5E6F7A8B9C}.Release|x86.Build.0 = Release|Any CPU
		{232A02B1-5F2E-40B4-8A9D-D9F22F91262A}.Debug|Any CPU.ActiveCfg = Debug|Any CPU
		{232A02B1-5F2E-40B4-8A9D-D9F22F91262A}.Debug|Any CPU.Build.0 = Debug|Any CPU
		{232A02B1-5F2E-40B4-8A9D-D9F22F91262A}.Debug|x64.ActiveCfg = Debug|Any CPU
		{232A02B1-5F2E-40B4-8A9D-D9F22F91262A}.Debug|x64.Build.0 = Debug|Any CPU
		{232A02B1-5F2E-40B4-8A9D-D9F22F91262A}.Debug|x86.ActiveCfg = Debug|Any CPU
		{232A02B1-5F2E-40B4-8A9D-D9F22F91262A}.Debug|x86.Build.0 = Debug|Any CPU
		{232A02B1-5F2E-40B4-8A9D-D9F22F91262A}.Release|Any CPU.ActiveCfg = Release|Any CPU
		{232A02B1-5F2E-40B4-8A9D-D9F22F91262A}.Release|Any CPU.Build.0 = Release|Any CPU
		{232A02B1-5F2E-40B4-8A9D-D9F22F91262A}.Release|x64.ActiveCfg = Release|Any CPU
		{232A02B1-5F2E-40B4-8A9D-D9F22F91262A}.Release|x64.Build.0 = Release|Any CPU
		{232A02B1-5F2E-40B4-8A9D-D9F22F91262A}.Release|x86.ActiveCfg = Release|Any CPU
		{232A02B1-5F2E-40B4-8A9D-D9F22F91262A}.Release|x86.Build.0 = Release|Any CPU
		{A1B2C3D4-E5F6-7A8B-9C0D-1E2F3A4B5C6D}.Debug|Any CPU.ActiveCfg = Debug|Any CPU
		{A1B2C3D4-E5F6-7A8B-9C0D-1E2F3A4B5C6D}.Debug|Any CPU.Build.0 = Debug|Any CPU
		{A1B2C3D4-E5F6-7A8B-9C0D-1E2F3A4B5C6D}.Debug|x64.ActiveCfg = Debug|Any CPU
		{A1B2C3D4-E5F6-7A8B-9C0D-1E2F3A4B5C6D}.Debug|x64.Build.0 = Debug|Any CPU
		{A1B2C3D4-E5F6-7A8B-9C0D-1E2F3A4B5C6D}.Debug|x86.ActiveCfg = Debug|Any CPU
		{A1B2C3D4-E5F6-7A8B-9C0D-1E2F3A4B5C6D}.Debug|x86.Build.0 = Debug|Any CPU
		{A1B2C3D4-E5F6-7A8B-9C0D-1E2F3A4B5C6D}.Release|Any CPU.ActiveCfg = Release|Any CPU
		{A1B2C3D4-E5F6-7A8B-9C0D-1E2F3A4B5C6D}.Release|Any CPU.Build.0 = Release|Any CPU
		{A1B2C3D4-E5F6-7A8B-9C0D-1E2F3A4B5C6D}.Release|x64.ActiveCfg = Release|Any CPU
		{A1B2C3D4-E5F6-7A8B-9C0D-1E2F3A4B5C6D}.Release|x64.Build.0 = Release|Any CPU
		{A1B2C3D4-E5F6-7A8B-9C0D-1E2F3A4B5C6D}.Release|x86.ActiveCfg = Release|Any CPU
		{A1B2C3D4-E5F6-7A8B-9C0D-1E2F3A4B5C6D}.Release|x86.Build.0 = Release|Any CPU
		{B2C3D4E5-F6A7-8B9C-0D1E-2F3A4B5C6D7E}.Debug|Any CPU.ActiveCfg = Debug|Any CPU
		{B2C3D4E5-F6A7-8B9C-0D1E-2F3A4B5C6D7E}.Debug|Any CPU.Build.0 = Debug|Any CPU
		{B2C3D4E5-F6A7-8B9C-0D1E-2F3A4B5C6D7E}.Debug|x64.ActiveCfg = Debug|Any CPU
		{B2C3D4E5-F6A7-8B9C-0D1E-2F3A4B5C6D7E}.Debug|x64.Build.0 = Debug|Any CPU
		{B2C3D4E5-F6A7-8B9C-0D1E-2F3A4B5C6D7E}.Debug|x86.ActiveCfg = Debug|Any CPU
		{B2C3D4E5-F6A7-8B9C-0D1E-2F3A4B5C6D7E}.Release|Any CPU.ActiveCfg = Release|Any CPU
		{B2C3D4E5-F6A7-8B9C-0D1E-2F3A4B5C6D7E}.Release|Any CPU.Build.0 = Release|Any CPU
		{B2C3D4E5-F6A7-8B9C-0D1E-2F3A4B5C6D7E}.Release|x64.ActiveCfg = Release|Any CPU
		{B2C3D4E5-F6A7-8B9C-0D1E-2F3A4B5C6D7E}.Release|x64.Build.0 = Release|Any CPU
		{B2C3D4E5-F6A7-8B9C-0D1E-2F3A4B5C6D7E}.Release|x86.ActiveCfg = Release|Any CPU
		{B2C3D4E5-F6A7-8B9C-0D1E-2F3A4B5C6D7E}.Release|x86.Build.0 = Release|Any CPU
		{11111111-2222-3333-4444-555555555555}.Debug|Any CPU.ActiveCfg = Debug|Any CPU
		{11111111-2222-3333-4444-555555555555}.Debug|Any CPU.Build.0 = Debug|Any CPU
		{11111111-2222-3333-4444-555555555555}.Debug|x64.ActiveCfg = Debug|Any CPU
		{11111111-2222-3333-4444-555555555555}.Debug|x64.Build.0 = Debug|Any CPU
		{11111111-2222-3333-4444-555555555555}.Debug|x86.ActiveCfg = Debug|Any CPU
		{11111111-2222-3333-4444-555555555555}.Debug|x86.Build.0 = Debug|Any CPU
		{11111111-2222-3333-4444-555555555555}.Release|Any CPU.ActiveCfg = Release|Any CPU
		{11111111-2222-3333-4444-555555555555}.Release|Any CPU.Build.0 = Release|Any CPU
		{11111111-2222-3333-4444-555555555555}.Release|x64.ActiveCfg = Release|Any CPU
		{11111111-2222-3333-4444-555555555555}.Release|x64.Build.0 = Release|Any CPU
		{11111111-2222-3333-4444-555555555555}.Release|x86.ActiveCfg = Release|Any CPU
		{11111111-2222-3333-4444-555555555555}.Release|x86.Build.0 = Release|Any CPU
		{A5F8A6B6-3BB1-4EDE-BC4A-3FC1C80E5074}.Debug|Any CPU.ActiveCfg = Debug|Any CPU
		{A5F8A6B6-3BB1-4EDE-BC4A-3FC1C80E5074}.Debug|Any CPU.Build.0 = Debug|Any CPU
		{A5F8A6B6-3BB1-4EDE-BC4A-3FC1C80E5074}.Debug|x64.ActiveCfg = Debug|Any CPU
		{A5F8A6B6-3BB1-4EDE-BC4A-3FC1C80E5074}.Debug|x64.Build.0 = Debug|Any CPU
		{A5F8A6B6-3BB1-4EDE-BC4A-3FC1C80E5074}.Debug|x86.ActiveCfg = Debug|Any CPU
		{A5F8A6B6-3BB1-4EDE-BC4A-3FC1C80E5074}.Debug|x86.Build.0 = Debug|Any CPU
		{A5F8A6B6-3BB1-4EDE-BC4A-3FC1C80E5074}.Release|Any CPU.ActiveCfg = Release|Any CPU
		{A5F8A6B6-3BB1-4EDE-BC4A-3FC1C80E5074}.Release|Any CPU.Build.0 = Release|Any CPU
		{A5F8A6B6-3BB1-4EDE-BC4A-3FC1C80E5074}.Release|x64.ActiveCfg = Release|Any CPU
		{A5F8A6B6-3BB1-4EDE-BC4A-3FC1C80E5074}.Release|x64.Build.0 = Release|Any CPU
		{A5F8A6B6-3BB1-4EDE-BC4A-3FC1C80E5074}.Release|x86.ActiveCfg = Release|Any CPU
		{A5F8A6B6-3BB1-4EDE-BC4A-3FC1C80E5074}.Release|x86.Build.0 = Release|Any CPU
		{05866196-5C54-4FD9-91F2-0575DAB42A83}.Debug|Any CPU.ActiveCfg = Debug|Any CPU
		{05866196-5C54-4FD9-91F2-0575DAB42A83}.Debug|Any CPU.Build.0 = Debug|Any CPU
		{05866196-5C54-4FD9-91F2-0575DAB42A83}.Debug|x64.ActiveCfg = Debug|Any CPU
		{05866196-5C54-4FD9-91F2-0575DAB42A83}.Debug|x64.Build.0 = Debug|Any CPU
		{05866196-5C54-4FD9-91F2-0575DAB42A83}.Debug|x86.ActiveCfg = Debug|Any CPU
		{05866196-5C54-4FD9-91F2-0575DAB42A83}.Debug|x86.Build.0 = Debug|Any CPU
		{05866196-5C54-4FD9-91F2-0575DAB42A83}.Release|Any CPU.ActiveCfg = Release|Any CPU
		{05866196-5C54-4FD9-91F2-0575DAB42A83}.Release|Any CPU.Build.0 = Release|Any CPU
		{05866196-5C54-4FD9-91F2-0575DAB42A83}.Release|x64.ActiveCfg = Release|Any CPU
		{05866196-5C54-4FD9-91F2-0575DAB42A83}.Release|x64.Build.0 = Release|Any CPU
		{05866196-5C54-4FD9-91F2-0575DAB42A83}.Release|x86.ActiveCfg = Release|Any CPU
		{05866196-5C54-4FD9-91F2-0575DAB42A83}.Release|x86.Build.0 = Release|Any CPU
		{22B14D34-E2A4-436C-BEF6-2824390B24A4}.Debug|Any CPU.ActiveCfg = Debug|Any CPU
		{22B14D34-E2A4-436C-BEF6-2824390B24A4}.Debug|Any CPU.Build.0 = Debug|Any CPU
		{22B14D34-E2A4-436C-BEF6-2824390B24A4}.Debug|x64.ActiveCfg = Debug|Any CPU
		{22B14D34-E2A4-436C-BEF6-2824390B24A4}.Debug|x64.Build.0 = Debug|Any CPU
		{22B14D34-E2A4-436C-BEF6-2824390B24A4}.Debug|x86.ActiveCfg = Debug|Any CPU
		{22B14D34-E2A4-436C-BEF6-2824390B24A4}.Debug|x86.Build.0 = Debug|Any CPU
		{22B14D34-E2A4-436C-BEF6-2824390B24A4}.Release|Any CPU.ActiveCfg = Release|Any CPU
		{22B14D34-E2A4-436C-BEF6-2824390B24A4}.Release|Any CPU.Build.0 = Release|Any CPU
		{22B14D34-E2A4-436C-BEF6-2824390B24A4}.Release|x64.ActiveCfg = Release|Any CPU
		{22B14D34-E2A4-436C-BEF6-2824390B24A4}.Release|x64.Build.0 = Release|Any CPU
		{22B14D34-E2A4-436C-BEF6-2824390B24A4}.Release|x86.ActiveCfg = Release|Any CPU
		{22B14D34-E2A4-436C-BEF6-2824390B24A4}.Release|x86.Build.0 = Release|Any CPU
		{2A7A63AB-FB45-40AA-9063-8AB9E4F528DB}.Debug|Any CPU.ActiveCfg = Debug|Any CPU
		{2A7A63AB-FB45-40AA-9063-8AB9E4F528DB}.Debug|Any CPU.Build.0 = Debug|Any CPU
		{2A7A63AB-FB45-40AA-9063-8AB9E4F528DB}.Debug|x64.ActiveCfg = Debug|Any CPU
		{2A7A63AB-FB45-40AA-9063-8AB9E4F528DB}.Debug|x64.Build.0 = Debug|Any CPU
		{2A7A63AB-FB45-40AA-9063-8AB9E4F528DB}.Debug|x86.ActiveCfg = Debug|Any CPU
		{2A7A63AB-FB45-40AA-9063-8AB9E4F528DB}.Debug|x86.Build.0 = Debug|Any CPU
		{2A7A63AB-FB45-40AA-9063-8AB9E4F528DB}.Release|Any CPU.ActiveCfg = Release|Any CPU
		{2A7A63AB-FB45-40AA-9063-8AB9E4F528DB}.Release|Any CPU.Build.0 = Release|Any CPU
		{2A7A63AB-FB45-40AA-9063-8AB9E4F528DB}.Release|x64.ActiveCfg = Release|Any CPU
		{2A7A63AB-FB45-40AA-9063-8AB9E4F528DB}.Release|x64.Build.0 = Release|Any CPU
		{2A7A63AB-FB45-40AA-9063-8AB9E4F528DB}.Release|x86.ActiveCfg = Release|Any CPU
		{2A7A63AB-FB45-40AA-9063-8AB9E4F528DB}.Release|x86.Build.0 = Release|Any CPU
		{5B5F8346-2F9F-48E1-8342-16ED8A9AE902}.Debug|Any CPU.ActiveCfg = Debug|Any CPU
		{5B5F8346-2F9F-48E1-8342-16ED8A9AE902}.Debug|Any CPU.Build.0 = Debug|Any CPU
		{5B5F8346-2F9F-48E1-8342-16ED8A9AE902}.Debug|x64.ActiveCfg = Debug|Any CPU
		{5B5F8346-2F9F-48E1-8342-16ED8A9AE902}.Debug|x64.Build.0 = Debug|Any CPU
		{5B5F8346-2F9F-48E1-8342-16ED8A9AE902}.Debug|x86.ActiveCfg = Debug|Any CPU
		{5B5F8346-2F9F-48E1-8342-16ED8A9AE902}.Debug|x86.Build.0 = Debug|Any CPU
		{5B5F8346-2F9F-48E1-8342-16ED8A9AE902}.Release|Any CPU.ActiveCfg = Release|Any CPU
		{5B5F8346-2F9F-48E1-8342-16ED8A9AE902}.Release|Any CPU.Build.0 = Release|Any CPU
		{5B5F8346-2F9F-48E1-8342-16ED8A9AE902}.Release|x64.ActiveCfg = Release|Any CPU
		{5B5F8346-2F9F-48E1-8342-16ED8A9AE902}.Release|x64.Build.0 = Release|Any CPU
		{5B5F8346-2F9F-48E1-8342-16ED8A9AE902}.Release|x86.ActiveCfg = Release|Any CPU
		{5B5F8346-2F9F-48E1-8342-16ED8A9AE902}.Release|x86.Build.0 = Release|Any CPU
		{28EB24E9-F27B-44CB-9E5D-A71C60485F90}.Debug|Any CPU.ActiveCfg = Debug|Any CPU
		{28EB24E9-F27B-44CB-9E5D-A71C60485F90}.Debug|Any CPU.Build.0 = Debug|Any CPU
		{28EB24E9-F27B-44CB-9E5D-A71C60485F90}.Debug|x64.ActiveCfg = Debug|Any CPU
		{28EB24E9-F27B-44CB-9E5D-A71C60485F90}.Debug|x64.Build.0 = Debug|Any CPU
		{28EB24E9-F27B-44CB-9E5D-A71C60485F90}.Debug|x86.ActiveCfg = Debug|Any CPU
		{28EB24E9-F27B-44CB-9E5D-A71C60485F90}.Debug|x86.Build.0 = Debug|Any CPU
		{28EB24E9-F27B-44CB-9E5D-A71C60485F90}.Release|Any CPU.ActiveCfg = Release|Any CPU
		{28EB24E9-F27B-44CB-9E5D-A71C60485F90}.Release|Any CPU.Build.0 = Release|Any CPU
		{28EB24E9-F27B-44CB-9E5D-A71C60485F90}.Release|x64.ActiveCfg = Release|Any CPU
		{28EB24E9-F27B-44CB-9E5D-A71C60485F90}.Release|x64.Build.0 = Release|Any CPU
		{28EB24E9-F27B-44CB-9E5D-A71C60485F90}.Release|x86.ActiveCfg = Release|Any CPU
		{28EB24E9-F27B-44CB-9E5D-A71C60485F90}.Release|x86.Build.0 = Release|Any CPU
		{12724275-BC3E-4F95-BD8C-E1124AC42A8E}.Debug|Any CPU.ActiveCfg = Debug|Any CPU
		{12724275-BC3E-4F95-BD8C-E1124AC42A8E}.Debug|Any CPU.Build.0 = Debug|Any CPU
		{12724275-BC3E-4F95-BD8C-E1124AC42A8E}.Debug|x64.ActiveCfg = Debug|Any CPU
		{12724275-BC3E-4F95-BD8C-E1124AC42A8E}.Debug|x64.Build.0 = Debug|Any CPU
		{12724275-BC3E-4F95-BD8C-E1124AC42A8E}.Debug|x86.ActiveCfg = Debug|Any CPU
		{12724275-BC3E-4F95-BD8C-E1124AC42A8E}.Debug|x86.Build.0 = Debug|Any CPU
		{12724275-BC3E-4F95-BD8C-E1124AC42A8E}.Release|Any CPU.ActiveCfg = Release|Any CPU
		{12724275-BC3E-4F95-BD8C-E1124AC42A8E}.Release|Any CPU.Build.0 = Release|Any CPU
		{12724275-BC3E-4F95-BD8C-E1124AC42A8E}.Release|x64.ActiveCfg = Release|Any CPU
		{12724275-BC3E-4F95-BD8C-E1124AC42A8E}.Release|x64.Build.0 = Release|Any CPU
		{12724275-BC3E-4F95-BD8C-E1124AC42A8E}.Release|x86.ActiveCfg = Release|Any CPU
		{12724275-BC3E-4F95-BD8C-E1124AC42A8E}.Release|x86.Build.0 = Release|Any CPU
	EndGlobalSection
	GlobalSection(SolutionProperties) = preSolution
		HideSolutionNode = FALSE
	EndGlobalSection
	GlobalSection(ExtensibilityGlobals) = postSolution
		SolutionGuid = {CE761B07-3CD4-425E-8043-21F09B16941A}
	EndGlobalSection
EndGlobal
